
Microsoft Visual Studio Solution File, Format Version 12.00
# Visual Studio Version 17
VisualStudioVersion = 17.5.33530.505
MinimumVisualStudioVersion = 10.0.40219.1
Project("{FAE04EC0-301F-11D3-BF4B-00C04F79EFBC}") = "LushiTools", "LushiTools\LushiTools.csproj", "{1A2FB87E-13CF-4FFF-87B2-FDB5910A32D9}"
EndProject
Global
	GlobalSection(SolutionConfigurationPlatforms) = preSolution
		Debug|Any CPU = Debug|Any CPU
		Release|Any CPU = Release|Any CPU
	EndGlobalSection
	GlobalSection(ProjectConfigurationPlatforms) = postSolution
		{1A2FB87E-13CF-4FFF-87B2-FDB5910A32D9}.Debug|Any CPU.ActiveCfg = Debug|Any CPU
		{1A2FB87E-13CF-4FFF-87B2-FDB5910A32D9}.Debug|Any CPU.Build.0 = Debug|Any CPU
		{1A2FB87E-13CF-4FFF-87B2-FDB5910A32D9}.Release|Any CPU.ActiveCfg = Release|Any CPU
		{1A2FB87E-13CF-4FFF-87B2-FDB5910A32D9}.Release|Any CPU.Build.0 = Release|Any CPU
	EndGlobalSection
	GlobalSection(SolutionProperties) = preSolution
		HideSolutionNode = FALSE
	EndGlobalSection
	GlobalSection(ExtensibilityGlobals) = postSolution
		SolutionGuid = {33DD6F16-B250-4E83-AE46-9383254CB947}
	EndGlobalSection
EndGlobal
